
Microsoft Visual Studio Solution File, Format Version 12.00
# Visual Studio Version 17
VisualStudioVersion = 17.14.36804.6 d17.14
MinimumVisualStudioVersion = 10.0.40219.1
Project("{FAE04EC0-301F-11D3-BF4B-00C04F79EFBC}") = "En Büyük ve En Küçük", "En Büyük ve En Küçük\En Büyük ve En Küçük.csproj", "{FCFD505B-2A4E-48D0-BD20-054FB6F903EA}"
EndProject
Global
	GlobalSection(SolutionConfigurationPlatforms) = preSolution
		Debug|Any CPU = Debug|Any CPU
		Release|Any CPU = Release|Any CPU
	EndGlobalSection
	GlobalSection(ProjectConfigurationPlatforms) = postSolution
		{FCFD505B-2A4E-48D0-BD20-054FB6F903EA}.Debug|Any CPU.ActiveCfg = Debug|Any CPU
		{FCFD505B-2A4E-48D0-BD20-054FB6F903EA}.Debug|Any CPU.Build.0 = Debug|Any CPU
		{FCFD505B-2A4E-48D0-BD20-054FB6F903EA}.Release|Any CPU.ActiveCfg = Release|Any CPU
		{FCFD505B-2A4E-48D0-BD20-054FB6F903EA}.Release|Any CPU.Build.0 = Release|Any CPU
	EndGlobalSection
	GlobalSection(SolutionProperties) = preSolution
		HideSolutionNode = FALSE
	EndGlobalSection
	GlobalSection(ExtensibilityGlobals) = postSolution
		SolutionGuid = {7985129D-B482-4E82-AE62-22741B76D2E7}
	EndGlobalSection
EndGlobal
